<?xml version="1.0" encoding="UTF-8" standalone="yes" ?>
<CodeBlocks_project_file>
	<FileVersion major="1" minor="6" />
	<Project>
		<Option title="projetc++" />
		<Option pch_mode="2" />
		<Option compiler="gcc" />
		<Build>
			<Target title="Debug">
				<Option output="bin/Debug/projetc++" prefix_auto="1" extension_auto="1" />
				<Option object_output="obj/Debug/" />
				<Option type="1" />
				<Option compiler="gcc" />
				<Compiler>
					<Add option="-g" />
					<Add directory="include" />
				</Compiler>
			</Target>
			<Target title="Release">
				<Option output="bin/Release/projetc++" prefix_auto="1" extension_auto="1" />
				<Option object_output="obj/Release/" />
				<Option type="1" />
				<Option compiler="gcc" />
				<Compiler>
					<Add option="-O2" />
					<Add directory="include" />
				</Compiler>
				<Linker>
					<Add option="-s" />
				</Linker>
			</Target>
		</Build>
		<Compiler>
			<Add option="-Wall" />
			<Add option="-fexceptions" />
		</Compiler>
		<Unit filename="include/addition.h" />
		<Unit filename="include/cst.h" />
		<Unit filename="include/division.h" />
		<Unit filename="include/expression.h" />
		<Unit filename="include/multiplication.h" />
		<Unit filename="include/operateur.h" />
		<Unit filename="include/soustraction.h" />
		<Unit filename="main.cpp" />
		<Unit filename="src/addition.cpp" />
		<Unit filename="src/cst.cpp" />
		<Unit filename="src/division.cpp" />
		<Unit filename="src/expression.cpp" />
		<Unit filename="src/multiplication.cpp" />
		<Unit filename="src/operateur.cpp" />
		<Unit filename="src/soustraction.cpp" />
		<Extensions>
			<lib_finder disable_auto="1" />
		</Extensions>
	</Project>
</CodeBlocks_project_file>
